{
  "nodes": {
    "flake-utils": {
      "locked": {
        "lastModified": 1667395993,
        "narHash": "sha256-nuEHfE/LcWyuSWnS8t12N1wc105Qtau+/OdUAjtQ0rA=",
        "owner": "numtide",
        "repo": "flake-utils",
        "rev": "5aed5285a952e0b949eb3ba02c12fa4fcfef535f",
        "type": "github"
      },
      "original": {
        "owner": "numtide",
        "repo": "flake-utils",
        "type": "github"
      }
    },
    "flake-utils_2": {
      "locked": {
        "lastModified": 1667395993,
        "narHash": "sha256-nuEHfE/LcWyuSWnS8t12N1wc105Qtau+/OdUAjtQ0rA=",
        "owner": "numtide",
        "repo": "flake-utils",
        "rev": "5aed5285a952e0b949eb3ba02c12fa4fcfef535f",
        "type": "github"
      },
      "original": {
        "owner": "numtide",
        "repo": "flake-utils",
        "type": "github"
      }
    },
    "flake-utils_3": {
      "locked": {
        "lastModified": 1659877975,
        "narHash": "sha256-zllb8aq3YO3h8B/U0/J1WBgAL8EX5yWf5pMj3G0NAmc=",
        "owner": "numtide",
        "repo": "flake-utils",
        "rev": "c0e246b9b83f637f4681389ecabcb2681b4f3af0",
        "type": "github"
      },
      "original": {
        "owner": "numtide",
        "repo": "flake-utils",
        "type": "github"
      }
    },
    "nixpkgs": {
      "locked": {
        "lastModified": 1673712910,
        "narHash": "sha256-XSJfzjP+tz2VvJBuPzzw3+VeFIOVa8ZeoDcSM7taM14=",
        "owner": "nixos",
        "repo": "nixpkgs",
        "rev": "3a9b551601446eb20f028b9ae3397709666d9387",
        "type": "github"
      },
      "original": {
        "owner": "nixos",
        "repo": "nixpkgs",
        "rev": "3a9b551601446eb20f028b9ae3397709666d9387",
        "type": "github"
      }
    },
    "nixpkgs_2": {
      "locked": {
        "lastModified": 1665296151,
        "narHash": "sha256-uOB0oxqxN9K7XGF1hcnY+PQnlQJ+3bP2vCn/+Ru/bbc=",
        "owner": "NixOS",
        "repo": "nixpkgs",
        "rev": "14ccaaedd95a488dd7ae142757884d8e125b3363",
        "type": "github"
      },
      "original": {
        "owner": "NixOS",
        "ref": "nixpkgs-unstable",
        "repo": "nixpkgs",
        "type": "github"
      }
    },
    "poetry2nix": {
      "inputs": {
        "flake-utils": "flake-utils_2",
        "nixpkgs": [
          "nixpkgs"
        ]
      },
      "locked": {
        "lastModified": 1674917871,
        "narHash": "sha256-0dLfkWyWWeKDZhupteyBNlastcEzrCmCTdFGtcj7F10=",
        "owner": "nix-community",
        "repo": "poetry2nix",
        "rev": "860530598f2ab9a9a0e89dc79851d14b0aed3bf7",
        "type": "github"
      },
      "original": {
        "owner": "nix-community",
        "repo": "poetry2nix",
        "type": "github"
      }
    },
    "root": {
      "inputs": {
        "flake-utils": "flake-utils",
        "nixpkgs": "nixpkgs",
        "poetry2nix": "poetry2nix",
        "rust-overlay": "rust-overlay",
        "tauri-driver": "tauri-driver"
      }
    },
    "rust-overlay": {
      "inputs": {
        "flake-utils": "flake-utils_3",
        "nixpkgs": "nixpkgs_2"
      },
      "locked": {
        "lastModified": 1675736716,
        "narHash": "sha256-FRkMhx8JT7/R6Obm6bMQotuQZyp6xGrstrPA3h8qiIE=",
        "owner": "oxalica",
        "repo": "rust-overlay",
        "rev": "fce84890519f05703e4b1f4c70bf9bb118206ffd",
        "type": "github"
      },
      "original": {
        "owner": "oxalica",
        "repo": "rust-overlay",
        "type": "github"
      }
    },
    "tauri-driver": {
      "flake": false,
      "locked": {
        "lastModified": 1675367117,
        "narHash": "sha256-ucq5XNnLNPj0hufa8dH/fAc4zpflsZioBDId6acSiqM=",
        "owner": "tauri-apps",
        "repo": "tauri",
        "rev": "7e8e0e76ec1bce47503c9c1ee9fb6c498a9d0fcb",
        "type": "github"
      },
      "original": {
        "owner": "tauri-apps",
        "repo": "tauri",
        "type": "github"
      }
    }
  },
  "root": "root",
  "version": 7
}
